// !$*UTF8*$!
{
	archiveVersion = 1;
	classes = {
	};
	objectVersion = 50;
	objects = {

/* Begin PBXBuildFile section */
		D842C3F32109B2DF00E847E3 /* AppDelegate.swift in Sources */ = {isa = PBXBuildFile; fileRef = D842C3F22109B2DF00E847E3 /* AppDelegate.swift */; };
		D842C3F52109B2DF00E847E3 /* ViewController.swift in Sources */ = {isa = PBXBuildFile; fileRef = D842C3F42109B2DF00E847E3 /* ViewController.swift */; };
		D842C3F82109B2DF00E847E3 /* Main.storyboard in Resources */ = {isa = PBXBuildFile; fileRef = D842C3F62109B2DF00E847E3 /* Main.storyboard */; };
		D842C3FA2109B30600E847E3 /* Assets.xcassets in Resources */ = {isa = PBXBuildFile; fileRef = D842C3F92109B30600E847E3 /* Assets.xcassets */; };
		D842C3FD2109B30600E847E3 /* LaunchScreen.storyboard in Resources */ = {isa = PBXBuildFile; fileRef = D842C3FB2109B30600E847E3 /* LaunchScreen.storyboard */; };
		D842C4062109B50600E847E3 /* DealCell.swift in Sources */ = {isa = PBXBuildFile; fileRef = D842C4052109B50600E847E3 /* DealCell.swift */; };
		D842C40A211322B300E847E3 /* ViewModel.swift in Sources */ = {isa = PBXBuildFile; fileRef = D842C409211322B200E847E3 /* ViewModel.swift */; };
		D842C40C211327BE00E847E3 /* DealsClient.swift in Sources */ = {isa = PBXBuildFile; fileRef = D842C40B211327BE00E847E3 /* DealsClient.swift */; };
/* End PBXBuildFile section */

/* Begin PBXFileReference section */
		D842C3EF2109B2DF00E847E3 /* ParityCubeSwift.app */ = {isa = PBXFileReference; explicitFileType = wrapper.application; includeInIndex = 0; path = ParityCubeSwift.app; sourceTree = BUILT_PRODUCTS_DIR; };
		D842C3F22109B2DF00E847E3 /* AppDelegate.swift */ = {isa = PBXFileReference; lastKnownFileType = sourcecode.swift; path = AppDelegate.swift; sourceTree = "<group>"; };
		D842C3F42109B2DF00E847E3 /* ViewController.swift */ = {isa = PBXFileReference; lastKnownFileType = sourcecode.swift; path = ViewController.swift; sourceTree = "<group>"; };
		D842C3F72109B2DF00E847E3 /* Base */ = {isa = PBXFileReference; lastKnownFileType = file.storyboard; name = Base; path = Base.lproj/Main.storyboard; sourceTree = "<group>"; };
		D842C3F92109B30600E847E3 /* Assets.xcassets */ = {isa = PBXFileReference; lastKnownFileType = folder.assetcatalog; path = Assets.xcassets; sourceTree = "<group>"; };
		D842C3FC2109B30600E847E3 /* Base */ = {isa = PBXFileReference; lastKnownFileType = file.storyboard; name = Base; path = Base.lproj/LaunchScreen.storyboard; sourceTree = "<group>"; };
		D842C3FE2109B30600E847E3 /* Info.plist */ = {isa = PBXFileReference; lastKnownFileType = text.plist.xml; path = Info.plist; sourceTree = "<group>"; };
		D842C4052109B50600E847E3 /* DealCell.swift */ = {isa = PBXFileReference; lastKnownFileType = sourcecode.swift; path = DealCell.swift; sourceTree = "<group>"; };
		D842C409211322B200E847E3 /* ViewModel.swift */ = {isa = PBXFileReference; lastKnownFileType = sourcecode.swift; path = ViewModel.swift; sourceTree = "<group>"; };
		D842C40B211327BE00E847E3 /* DealsClient.swift */ = {isa = PBXFileReference; lastKnownFileType = sourcecode.swift; path = DealsClient.swift; sourceTree = "<group>"; };
/* End PBXFileReference section */

/* Begin PBXFrameworksBuildPhase section */
		D842C3EC2109B2DF00E847E3 /* Frameworks */ = {
			isa = PBXFrameworksBuildPhase;
			buildActionMask = 2147483647;
			files = (
			);
			runOnlyForDeploymentPostprocessing = 0;
		};
/* End PBXFrameworksBuildPhase section */

/* Begin PBXGroup section */
		D842C3E62109B2DE00E847E3 = {
			isa = PBXGroup;
			children = (
				D842C3F12109B2DF00E847E3 /* ParityCubeSwift */,
				D842C3F02109B2DF00E847E3 /* Products */,
			);
			sourceTree = "<group>";
		};
		D842C3F02109B2DF00E847E3 /* Products */ = {
			isa = PBXGroup;
			children = (
				D842C3EF2109B2DF00E847E3 /* ParityCubeSwift.app */,
			);
			name = Products;
			sourceTree = "<group>";
		};
		D842C3F12109B2DF00E847E3 /* ParityCubeSwift */ = {
			isa = PBXGroup;
			children = (
				D842C3F22109B2DF00E847E3 /* AppDelegate.swift */,
				D842C3F42109B2DF00E847E3 /* ViewController.swift */,
				D842C409211322B200E847E3 /* ViewModel.swift */,
				D842C40B211327BE00E847E3 /* DealsClient.swift */,
				D842C4042109B4D900E847E3 /* TableViewCell */,
				D842C3F62109B2DF00E847E3 /* Main.storyboard */,
				D842C3F92109B30600E847E3 /* Assets.xcassets */,
				D842C3FB2109B30600E847E3 /* LaunchScreen.storyboard */,
				D842C3FE2109B30600E847E3 /* Info.plist */,
			);
			path = ParityCubeSwift;
			sourceTree = "<group>";
		};
		D842C4042109B4D900E847E3 /* TableViewCell */ = {
			isa = PBXGroup;
			children = (
				D842C4052109B50600E847E3 /* DealCell.swift */,
			);
			path = TableViewCell;
			sourceTree = "<group>";
		};
/* End PBXGroup section */

/* Begin PBXNativeTarget section */
		D842C3EE2109B2DF00E847E3 /* ParityCubeSwift */ = {
			isa = PBXNativeTarget;
			buildConfigurationList = D842C4012109B30600E847E3 /* Build configuration list for PBXNativeTarget "ParityCubeSwift" */;
			buildPhases = (
				D842C3EB2109B2DF00E847E3 /* Sources */,
				D842C3EC2109B2DF00E847E3 /* Frameworks */,
				D842C3ED2109B2DF00E847E3 /* Resources */,
			);
			buildRules = (
			);
			dependencies = (
			);
			name = ParityCubeSwift;
			productName = ParityCubeSwift;
			productReference = D842C3EF2109B2DF00E847E3 /* ParityCubeSwift.app */;
			productType = "com.apple.product-type.application";
		};
/* End PBXNativeTarget section */

/* Begin PBXProject section */
		D842C3E72109B2DE00E847E3 /* Project object */ = {
			isa = PBXProject;
			attributes = {
				LastSwiftUpdateCheck = 0940;
				LastUpgradeCheck = 0940;
				ORGANIZATIONNAME = "Xoriant Solutions pvt ltd";
				TargetAttributes = {
					D842C3EE2109B2DF00E847E3 = {
						CreatedOnToolsVersion = 9.4;
					};
				};
			};
			buildConfigurationList = D842C3EA2109B2DE00E847E3 /* Build configuration list for PBXProject "ParityCubeSwift" */;
			compatibilityVersion = "Xcode 9.3";
			developmentRegion = en;
			hasScannedForEncodings = 0;
			knownRegions = (
				en,
				Base,
			);
			mainGroup = D842C3E62109B2DE00E847E3;
			productRefGroup = D842C3F02109B2DF00E847E3 /* Products */;
			projectDirPath = "";
			projectRoot = "";
			targets = (
				D842C3EE2109B2DF00E847E3 /* ParityCubeSwift */,
			);
		};
/* End PBXProject section */

/* Begin PBXResourcesBuildPhase section */
		D842C3ED2109B2DF00E847E3 /* Resources */ = {
			isa = PBXResourcesBuildPhase;
			buildActionMask = 2147483647;
			files = (
				D842C3FD2109B30600E847E3 /* LaunchScreen.storyboard in Resources */,
				D842C3FA2109B30600E847E3 /* Assets.xcassets in Resources */,
				D842C3F82109B2DF00E847E3 /* Main.storyboard in Resources */,
			);
			runOnlyForDeploymentPostprocessing = 0;
		};
/* End PBXResourcesBuildPhase section */

/* Begin PBXSourcesBuildPhase section */
		D842C3EB2109B2DF00E847E3 /* Sources */ = {
			isa = PBXSourcesBuildPhase;
			buildActionMask = 2147483647;
			files = (
				D842C4062109B50600E847E3 /* DealCell.swift in Sources */,
				D842C3F52109B2DF00E847E3 /* ViewController.swift in Sources */,
				D842C40C211327BE00E847E3 /* DealsClient.swift in Sources */,
				D842C40A211322B300E847E3 /* ViewModel.swift in Sources */,
				D842C3F32109B2DF00E847E3 /* AppDelegate.swift in Sources */,
			);
			runOnlyForDeploymentPostprocessing = 0;
		};
/* End PBXSourcesBuildPhase section */

/* Begin PBXVariantGroup section */
		D842C3F62109B2DF00E847E3 /* Main.storyboard */ = {
			isa = PBXVariantGroup;
			children = (
				D842C3F72109B2DF00E847E3 /* Base */,
			);
			name = Main.storyboard;
			sourceTree = "<group>";
		};
		D842C3FB2109B30600E847E3 /* LaunchScreen.storyboard */ = {
			isa = PBXVariantGroup;
			children = (
				D842C3FC2109B30600E847E3 /* Base */,
			);
			name = LaunchScreen.storyboard;
			sourceTree = "<group>";
		};
/* End PBXVariantGroup section */

/* Begin XCBuildConfiguration section */
		D842C3FF2109B30600E847E3 /* Debug */ = {
			isa = XCBuildConfiguration;
			buildSettings = {
				ALWAYS_SEARCH_USER_PATHS = NO;
				CLANG_ANALYZER_NONNULL = YES;
				CLANG_ANALYZER_NUMBER_OBJECT_CONVERSION = YES_AGGRESSIVE;
				CLANG_CXX_LANGUAGE_STANDARD = "gnu++14";
				CLANG_CXX_LIBRARY = "libc++";
				CLANG_ENABLE_MODULES = YES;
				CLANG_ENABLE_OBJC_ARC = YES;
				CLANG_ENABLE_OBJC_WEAK = YES;
				CLANG_WARN_BLOCK_CAPTURE_AUTORELEASING = YES;
				CLANG_WARN_BOOL_CONVERSION = YES;
				CLANG_WARN_COMMA = YES;
				CLANG_WARN_CONSTANT_CONVERSION = YES;
				CLANG_WARN_DEPRECATED_OBJC_IMPLEMENTATIONS = YES;
				CLANG_WARN_DIRECT_OBJC_ISA_USAGE = YES_ERROR;
				CLANG_WARN_DOCUMENTATION_COMMENTS = YES;
				CLANG_WARN_EMPTY_BODY = YES;
				CLANG_WARN_ENUM_CONVERSION = YES;
				CLANG_WARN_INFINITE_RECURSION = YES;
				CLANG_WARN_INT_CONVERSION = YES;
				CLANG_WARN_NON_LITERAL_NULL_CONVERSION = YES;
				CLANG_WARN_OBJC_IMPLICIT_RETAIN_SELF = YES;
				CLANG_WARN_OBJC_LITERAL_CONVERSION = YES;
				CLANG_WARN_OBJC_ROOT_CLASS = YES_ERROR;
				CLANG_WARN_RANGE_LOOP_ANALYSIS = YES;
				CLANG_WARN_STRICT_PROTOTYPES = YES;
				CLANG_WARN_SUSPICIOUS_MOVE = YES;
				CLANG_WARN_UNGUARDED_AVAILABILITY = YES_AGGRESSIVE;
				CLANG_WARN_UNREACHABLE_CODE = YES;
				CLANG_WARN__DUPLICATE_METHOD_MATCH = YES;
				CODE_SIGN_IDENTITY = "iPhone Developer";
				COPY_PHASE_STRIP = NO;
				DEBUG_INFORMATION_FORMAT = dwarf;
				ENABLE_STRICT_OBJC_MSGSEND = YES;
				ENABLE_TESTABILITY = YES;
				GCC_C_LANGUAGE_STANDARD = gnu11;
				GCC_DYNAMIC_NO_PIC = NO;
				GCC_NO_COMMON_BLOCKS = YES;
				GCC_OPTIMIZATION_LEVEL = 0;
				GCC_PREPROCESSOR_DEFINITIONS = (
					"DEBUG=1",
					"$(inherited)",
				);
				GCC_WARN_64_TO_32_BIT_CONVERSION = YES;
				GCC_WARN_ABOUT_RETURN_TYPE = YES_ERROR;
				GCC_WARN_UNDECLARED_SELECTOR = YES;
				GCC_WARN_UNINITIALIZED_AUTOS = YES_AGGRESSIVE;
				GCC_WARN_UNUSED_FUNCTION = YES;
				GCC_WARN_UNUSED_VARIABLE = YES;
				IPHONEOS_DEPLOYMENT_TARGET = 11.4;
				MTL_ENABLE_DEBUG_INFO = YES;
				ONLY_ACTIVE_ARCH = YES;
				SDKROOT = iphoneos;
				SWIFT_ACTIVE_COMPILATION_CONDITIONS = DEBUG;
				SWIFT_OPTIMIZATION_LEVEL = "-Onone";
			};
			name = Debug;
		};
		D842C4002109B30600E847E3 /* Release */ = {
			isa = XCBuildConfiguration;
			buildSettings = {
				ALWAYS_SEARCH_USER_PATHS = NO;
				CLANG_ANALYZER_NONNULL = YES;
				CLANG_ANALYZER_NUMBER_OBJECT_CONVERSION = YES_AGGRESSIVE;
				CLANG_CXX_LANGUAGE_STANDARD = "gnu++14";
				CLANG_CXX_LIBRARY = "libc++";
				CLANG_ENABLE_MODULES = YES;
				CLANG_ENABLE_OBJC_ARC = YES;
				CLANG_ENABLE_OBJC_WEAK = YES;
				CLANG_WARN_BLOCK_CAPTURE_AUTORELEASING = YES;
				CLANG_WARN_BOOL_CONVERSION = YES;
				CLANG_WARN_COMMA = YES;
				CLANG_WARN_CONSTANT_CONVERSION = YES;
				CLANG_WARN_DEPRECATED_OBJC_IMPLEMENTATIONS = YES;
				CLANG_WARN_DIRECT_OBJC_ISA_USAGE = YES_ERROR;
				CLANG_WARN_DOCUMENTATION_COMMENTS = YES;
				CLANG_WARN_EMPTY_BODY = YES;
				CLANG_WARN_ENUM_CONVERSION = YES;
				CLANG_WARN_INFINITE_RECURSION = YES;
				CLANG_WARN_INT_CONVERSION = YES;
				CLANG_WARN_NON_LITERAL_NULL_CONVERSION = YES;
				CLANG_WARN_OBJC_IMPLICIT_RETAIN_SELF = YES;
				CLANG_WARN_OBJC_LITERAL_CONVERSION = YES;
				CLANG_WARN_OBJC_ROOT_CLASS = YES_ERROR;
				CLANG_WARN_RANGE_LOOP_ANALYSIS = YES;
				CLANG_WARN_STRICT_PROTOTYPES = YES;
				CLANG_WARN_SUSPICIOUS_MOVE = YES;
				CLANG_WARN_UNGUARDED_AVAILABILITY = YES_AGGRESSIVE;
				CLANG_WARN_UNREACHABLE_CODE = YES;
				CLANG_WARN__DUPLICATE_METHOD_MATCH = YES;
				CODE_SIGN_IDENTITY = "iPhone Developer";
				COPY_PHASE_STRIP = NO;
				DEBUG_INFORMATION_FORMAT = "dwarf-with-dsym";
				ENABLE_NS_ASSERTIONS = NO;
				ENABLE_STRICT_OBJC_MSGSEND = YES;
				GCC_C_LANGUAGE_STANDARD = gnu11;
				GCC_NO_COMMON_BLOCKS = YES;
				GCC_WARN_64_TO_32_BIT_CONVERSION = YES;
				GCC_WARN_ABOUT_RETURN_TYPE = YES_ERROR;
				GCC_WARN_UNDECLARED_SELECTOR = YES;
				GCC_WARN_UNINITIALIZED_AUTOS = YES_AGGRESSIVE;
				GCC_WARN_UNUSED_FUNCTION = YES;
				GCC_WARN_UNUSED_VARIABLE = YES;
				IPHONEOS_DEPLOYMENT_TARGET = 11.4;
				MTL_ENABLE_DEBUG_INFO = NO;
				SDKROOT = iphoneos;
				SWIFT_COMPILATION_MODE = wholemodule;
				SWIFT_OPTIMIZATION_LEVEL = "-O";
				VALIDATE_PRODUCT = YES;
			};
			name = Release;
		};
		D842C4022109B30600E847E3 /* Debug */ = {
			isa = XCBuildConfiguration;
			buildSettings = {
				ASSETCATALOG_COMPILER_APPICON_NAME = AppIcon;
				CODE_SIGN_STYLE = Automatic;
				DEVELOPMENT_TEAM = 8LHDJCDT7T;
				INFOPLIST_FILE = ParityCubeSwift/Info.plist;
				LD_RUNPATH_SEARCH_PATHS = (
					"$(inherited)",
					"@executable_path/Frameworks",
				);
				PRODUCT_BUNDLE_IDENTIFIER = com.data.ParityCubeSwift;
				PRODUCT_NAME = "$(TARGET_NAME)";
				SWIFT_VERSION = 4.0;
				TARGETED_DEVICE_FAMILY = "1,2";
			};
			name = Debug;
		};
		D842C4032109B30600E847E3 /* Release */ = {
			isa = XCBuildConfiguration;
			buildSettings = {
				ASSETCATALOG_COMPILER_APPICON_NAME = AppIcon;
				CODE_SIGN_STYLE = Automatic;
				DEVELOPMENT_TEAM = 8LHDJCDT7T;
				INFOPLIST_FILE = ParityCubeSwift/Info.plist;
				LD_RUNPATH_SEARCH_PATHS = (
					"$(inherited)",
					"@executable_path/Frameworks",
				);
				PRODUCT_BUNDLE_IDENTIFIER = com.data.ParityCubeSwift;
				PRODUCT_NAME = "$(TARGET_NAME)";
				SWIFT_VERSION = 4.0;
				TARGETED_DEVICE_FAMILY = "1,2";
			};
			name = Release;
		};
/* End XCBuildConfiguration section */

/* Begin XCConfigurationList section */
		D842C3EA2109B2DE00E847E3 /* Build configuration list for PBXProject "ParityCubeSwift" */ = {
			isa = XCConfigurationList;
			buildConfigurations = (
				D842C3FF2109B30600E847E3 /* Debug */,
				D842C4002109B30600E847E3 /* Release */,
			);
			defaultConfigurationIsVisible = 0;
			defaultConfigurationName = Release;
		};
		D842C4012109B30600E847E3 /* Build configuration list for PBXNativeTarget "ParityCubeSwift" */ = {
			isa = XCConfigurationList;
			buildConfigurations = (
				D842C4022109B30600E847E3 /* Debug */,
				D842C4032109B30600E847E3 /* Release */,
			);
			defaultConfigurationIsVisible = 0;
			defaultConfigurationName = Release;
		};
/* End XCConfigurationList section */
	};
	rootObject = D842C3E72109B2DE00E847E3 /* Project object */;
}
